
Microsoft Visual Studio Solution File, Format Version 12.00
# Visual Studio 15
VisualStudioVersion = 15.0.28307.1062
MinimumVisualStudioVersion = 10.0.40219.1
Project("{D2ABAB84-BF74-430A-B69E-9DC6D40DDA17}") = "IT18115208_MultidimensionalCubeProject", "IT18115208_MultidimensionalCubeProject\IT18115208_MultidimensionalCubeProject.dwproj", "{64DFAD94-FFBE-450C-84A9-DB62AE58D0D7}"
EndProject
Global
	GlobalSection(SolutionConfigurationPlatforms) = preSolution
		Development|Default = Development|Default
	EndGlobalSection
	GlobalSection(ProjectConfigurationPlatforms) = postSolution
		{64DFAD94-FFBE-450C-84A9-DB62AE58D0D7}.Development|Default.ActiveCfg = Development
		{64DFAD94-FFBE-450C-84A9-DB62AE58D0D7}.Development|Default.Build.0 = Development
		{64DFAD94-FFBE-450C-84A9-DB62AE58D0D7}.Development|Default.Deploy.0 = Development
	EndGlobalSection
	GlobalSection(SolutionProperties) = preSolution
		HideSolutionNode = FALSE
	EndGlobalSection
	GlobalSection(ExtensibilityGlobals) = postSolution
		SolutionGuid = {4B73A6E4-9DE2-4A74-9219-D8300D6FFDE3}
	EndGlobalSection
EndGlobal
